github.com/bendahl/uinput v1.0.0 h1:tAfSmQU8fq5FPkQYAANYCpxPZQuNnmX0miAhLcSNWDc=
github.com/bendahl/uinput v1.0.0/go.mod h1:2JMdx4rrhf/FU24AarB52ZXCaFqJDxYYlWq+uV6bvSE=
github.com/gvalkov/golang-evdev v0.0.0-20180516222720-b6f418b1fe5a h1:PpqPstphGuFEdiuje4K8NmWN+Qzvu15NN/oFa1w/lGM=
github.com/gvalkov/golang-evdev v0.0.0-20180516222720-b6f418b1fe5a/go.mod h1:SAzVFKCRezozJTGavF3GX8MBUruETCqzivVLYiywouA=
